// !$*UTF8*$!
{
	archiveVersion = 1;
	classes = {
	};
	objectVersion = 77;
	objects = {

/* Begin PBXBuildFile section */
		0BBA208A785FD2921184C49C /* CPUReaderTests.swift in Sources */ = {isa = PBXBuildFile; fileRef = 75574D91D270A8E018D7F3DC /* CPUReaderTests.swift */; };
		2192042E02B241F02558B13D /* SnapshotTests.swift in Sources */ = {isa = PBXBuildFile; fileRef = CD4E47D0F5BAB7F4D56771EF /* SnapshotTests.swift */; };
		59B41424DAAC222DD83021BB /* CPUReader.swift in Sources */ = {isa = PBXBuildFile; fileRef = CEF1ED668286A6A244BC0307 /* CPUReader.swift */; };
		5C953BF20BC0AEE0360417FB /* Preferences.swift in Sources */ = {isa = PBXBuildFile; fileRef = 808C3209B430586A9C9C820D /* Preferences.swift */; };
		746A1752DFEB60F429599305 /* StatusBarView.swift in Sources */ = {isa = PBXBuildFile; fileRef = 7FFE7BD7897FA26ABA6B16FC /* StatusBarView.swift */; };
		968A26ED67C90D52589B8DD0 /* main.swift in Sources */ = {isa = PBXBuildFile; fileRef = D4FBBE6E1A5934F6DEFA003C /* main.swift */; };
		9C604E4048F94A6342323FE6 /* MetricsSamplerTests.swift in Sources */ = {isa = PBXBuildFile; fileRef = 5D1252F0ADB97518E28F73D9 /* MetricsSamplerTests.swift */; };
		9C80E821BE23CAC3EB5BA6F1 /* Snapshot.swift in Sources */ = {isa = PBXBuildFile; fileRef = BD4B9FAA1EB3360563E24303 /* Snapshot.swift */; };
		A93F356E090584B820D78E7B /* PreferencesTests.swift in Sources */ = {isa = PBXBuildFile; fileRef = 2E24F0F3DD562D451FD2E854 /* PreferencesTests.swift */; };
		ABF1EF2838468D8BC1EA1307 /* RAMReaderTests.swift in Sources */ = {isa = PBXBuildFile; fileRef = F74FE420E69EAA385D44D582 /* RAMReaderTests.swift */; };
		C21D1B4A4257DADFC78C193A /* MetricsSampler.swift in Sources */ = {isa = PBXBuildFile; fileRef = F5C8EF94D38FB1F95F3A0DF3 /* MetricsSampler.swift */; };
		D05176FEACBF93B0E5310392 /* GPUReader.swift in Sources */ = {isa = PBXBuildFile; fileRef = AB1A5FEA442C87FC1E256BE6 /* GPUReader.swift */; };
		D83DCB6DD040114C79A60E89 /* RAMReader.swift in Sources */ = {isa = PBXBuildFile; fileRef = 703B98694D20082C94071847 /* RAMReader.swift */; };
		F443B263D4F3A88EF4D7F64A /* GPUReaderTests.swift in Sources */ = {isa = PBXBuildFile; fileRef = D618537069E4D80575115DFA /* GPUReaderTests.swift */; };
		FE17ACD050B05DC37D160EFA /* StatusBarController.swift in Sources */ = {isa = PBXBuildFile; fileRef = 3EC1D0B48CC9EADB2D8F1F4C /* StatusBarController.swift */; };
/* End PBXBuildFile section */

/* Begin PBXContainerItemProxy section */
		B6DEE82BD10BDE8429BCDE69 /* PBXContainerItemProxy */ = {
			isa = PBXContainerItemProxy;
			containerPortal = E2749C2EDDD195B9233AD1BC /* Project object */;
			proxyType = 1;
			remoteGlobalIDString = F3F11D17F47F3B483BD91253;
			remoteInfo = Chipbar;
		};
/* End PBXContainerItemProxy section */

/* Begin PBXFileReference section */
		2E24F0F3DD562D451FD2E854 /* PreferencesTests.swift */ = {isa = PBXFileReference; lastKnownFileType = sourcecode.swift; path = PreferencesTests.swift; sourceTree = "<group>"; };
		3EC1D0B48CC9EADB2D8F1F4C /* StatusBarController.swift */ = {isa = PBXFileReference; lastKnownFileType = sourcecode.swift; path = StatusBarController.swift; sourceTree = "<group>"; };
		5D1252F0ADB97518E28F73D9 /* MetricsSamplerTests.swift */ = {isa = PBXFileReference; lastKnownFileType = sourcecode.swift; path = MetricsSamplerTests.swift; sourceTree = "<group>"; };
		703B98694D20082C94071847 /* RAMReader.swift */ = {isa = PBXFileReference; lastKnownFileType = sourcecode.swift; path = RAMReader.swift; sourceTree = "<group>"; };
		70BD0B2F7386A4F613290C1D /* Info.plist */ = {isa = PBXFileReference; lastKnownFileType = text.plist; path = Info.plist; sourceTree = "<group>"; };
		75574D91D270A8E018D7F3DC /* CPUReaderTests.swift */ = {isa = PBXFileReference; lastKnownFileType = sourcecode.swift; path = CPUReaderTests.swift; sourceTree = "<group>"; };
		7FFE7BD7897FA26ABA6B16FC /* StatusBarView.swift */ = {isa = PBXFileReference; lastKnownFileType = sourcecode.swift; path = StatusBarView.swift; sourceTree = "<group>"; };
		808C3209B430586A9C9C820D /* Preferences.swift */ = {isa = PBXFileReference; lastKnownFileType = sourcecode.swift; path = Preferences.swift; sourceTree = "<group>"; };
		885AB74D769A6580C9CB0BE3 /* ChipbarTests.xctest */ = {isa = PBXFileReference; explicitFileType = wrapper.cfbundle; includeInIndex = 0; path = ChipbarTests.xctest; sourceTree = BUILT_PRODUCTS_DIR; };
		AB1A5FEA442C87FC1E256BE6 /* GPUReader.swift */ = {isa = PBXFileReference; lastKnownFileType = sourcecode.swift; path = GPUReader.swift; sourceTree = "<group>"; };
		BD4B9FAA1EB3360563E24303 /* Snapshot.swift */ = {isa = PBXFileReference; lastKnownFileType = sourcecode.swift; path = Snapshot.swift; sourceTree = "<group>"; };
		CD4E47D0F5BAB7F4D56771EF /* SnapshotTests.swift */ = {isa = PBXFileReference; lastKnownFileType = sourcecode.swift; path = SnapshotTests.swift; sourceTree = "<group>"; };
		CEF1ED668286A6A244BC0307 /* CPUReader.swift */ = {isa = PBXFileReference; lastKnownFileType = sourcecode.swift; path = CPUReader.swift; sourceTree = "<group>"; };
		D4FBBE6E1A5934F6DEFA003C /* main.swift */ = {isa = PBXFileReference; lastKnownFileType = sourcecode.swift; path = main.swift; sourceTree = "<group>"; };
		D618537069E4D80575115DFA /* GPUReaderTests.swift */ = {isa = PBXFileReference; lastKnownFileType = sourcecode.swift; path = GPUReaderTests.swift; sourceTree = "<group>"; };
		E76CE16A9A6DC1A9B6F74A38 /* Chipbar.app */ = {isa = PBXFileReference; explicitFileType = wrapper.application; includeInIndex = 0; path = Chipbar.app; sourceTree = BUILT_PRODUCTS_DIR; };
		F5C8EF94D38FB1F95F3A0DF3 /* MetricsSampler.swift */ = {isa = PBXFileReference; lastKnownFileType = sourcecode.swift; path = MetricsSampler.swift; sourceTree = "<group>"; };
		F74FE420E69EAA385D44D582 /* RAMReaderTests.swift */ = {isa = PBXFileReference; lastKnownFileType = sourcecode.swift; path = RAMReaderTests.swift; sourceTree = "<group>"; };
/* End PBXFileReference section */

/* Begin PBXGroup section */
		05F52CF0CB7C4A15528042F1 /* ChipbarTests */ = {
			isa = PBXGroup;
			children = (
				75574D91D270A8E018D7F3DC /* CPUReaderTests.swift */,
				D618537069E4D80575115DFA /* GPUReaderTests.swift */,
				5D1252F0ADB97518E28F73D9 /* MetricsSamplerTests.swift */,
				2E24F0F3DD562D451FD2E854 /* PreferencesTests.swift */,
				F74FE420E69EAA385D44D582 /* RAMReaderTests.swift */,
				CD4E47D0F5BAB7F4D56771EF /* SnapshotTests.swift */,
			);
			name = ChipbarTests;
			path = Tests/ChipbarTests;
			sourceTree = "<group>";
		};
		578EBEBE868F21977F2D1AD1 /* Chipbar */ = {
			isa = PBXGroup;
			children = (
				C2FAF793EAB08C1E8F95FC3B /* App */,
				72DF4329710C2E439918690A /* Metrics */,
				E9FEE0D156CC0FF8133F1E1E /* Preferences */,
				D35191B7FB1E54D7D9350DAD /* UI */,
			);
			name = Chipbar;
			path = Sources/Chipbar;
			sourceTree = "<group>";
		};
		6D377B97AC98B673787CBAC5 /* Products */ = {
			isa = PBXGroup;
			children = (
				E76CE16A9A6DC1A9B6F74A38 /* Chipbar.app */,
				885AB74D769A6580C9CB0BE3 /* ChipbarTests.xctest */,
			);
			name = Products;
			sourceTree = "<group>";
		};
		72DF4329710C2E439918690A /* Metrics */ = {
			isa = PBXGroup;
			children = (
				CEF1ED668286A6A244BC0307 /* CPUReader.swift */,
				AB1A5FEA442C87FC1E256BE6 /* GPUReader.swift */,
				F5C8EF94D38FB1F95F3A0DF3 /* MetricsSampler.swift */,
				703B98694D20082C94071847 /* RAMReader.swift */,
				BD4B9FAA1EB3360563E24303 /* Snapshot.swift */,
			);
			path = Metrics;
			sourceTree = "<group>";
		};
		997C72E3D21C07CE214E3DCB = {
			isa = PBXGroup;
			children = (
				578EBEBE868F21977F2D1AD1 /* Chipbar */,
				05F52CF0CB7C4A15528042F1 /* ChipbarTests */,
				6D377B97AC98B673787CBAC5 /* Products */,
			);
			sourceTree = "<group>";
		};
		C2FAF793EAB08C1E8F95FC3B /* App */ = {
			isa = PBXGroup;
			children = (
				70BD0B2F7386A4F613290C1D /* Info.plist */,
				D4FBBE6E1A5934F6DEFA003C /* main.swift */,
			);
			path = App;
			sourceTree = "<group>";
		};
		D35191B7FB1E54D7D9350DAD /* UI */ = {
			isa = PBXGroup;
			children = (
				3EC1D0B48CC9EADB2D8F1F4C /* StatusBarController.swift */,
				7FFE7BD7897FA26ABA6B16FC /* StatusBarView.swift */,
			);
			path = UI;
			sourceTree = "<group>";
		};
		E9FEE0D156CC0FF8133F1E1E /* Preferences */ = {
			isa = PBXGroup;
			children = (
				808C3209B430586A9C9C820D /* Preferences.swift */,
			);
			path = Preferences;
			sourceTree = "<group>";
		};
/* End PBXGroup section */

/* Begin PBXNativeTarget section */
		9965E447A1998558BBC7DB7D /* ChipbarTests */ = {
			isa = PBXNativeTarget;
			buildConfigurationList = F5B93022851508C26B7C4282 /* Build configuration list for PBXNativeTarget "ChipbarTests" */;
			buildPhases = (
				C9CF8DA12283CECF4BC1C986 /* Sources */,
			);
			buildRules = (
			);
			dependencies = (
				E61D31C88D46256058179456 /* PBXTargetDependency */,
			);
			name = ChipbarTests;
			packageProductDependencies = (
			);
			productName = ChipbarTests;
			productReference = 885AB74D769A6580C9CB0BE3 /* ChipbarTests.xctest */;
			productType = "com.apple.product-type.bundle.unit-test";
		};
		F3F11D17F47F3B483BD91253 /* Chipbar */ = {
			isa = PBXNativeTarget;
			buildConfigurationList = 608E8B188F5779FB70850C63 /* Build configuration list for PBXNativeTarget "Chipbar" */;
			buildPhases = (
				B3BEF194AEBED78F4B9AB33B /* Sources */,
			);
			buildRules = (
			);
			dependencies = (
			);
			name = Chipbar;
			packageProductDependencies = (
			);
			productName = Chipbar;
			productReference = E76CE16A9A6DC1A9B6F74A38 /* Chipbar.app */;
			productType = "com.apple.product-type.application";
		};
/* End PBXNativeTarget section */

/* Begin PBXProject section */
		E2749C2EDDD195B9233AD1BC /* Project object */ = {
			isa = PBXProject;
			attributes = {
				BuildIndependentTargetsInParallel = YES;
				LastUpgradeCheck = 1430;
				TargetAttributes = {
					9965E447A1998558BBC7DB7D = {
						DevelopmentTeam = "";
					};
					F3F11D17F47F3B483BD91253 = {
						DevelopmentTeam = "";
						ProvisioningStyle = Manual;
					};
				};
			};
			buildConfigurationList = AD12DC54B85C28EFE532639E /* Build configuration list for PBXProject "Chipbar" */;
			developmentRegion = en;
			hasScannedForEncodings = 0;
			knownRegions = (
				Base,
				en,
			);
			mainGroup = 997C72E3D21C07CE214E3DCB;
			minimizedProjectReferenceProxies = 1;
			preferredProjectObjectVersion = 77;
			productRefGroup = 6D377B97AC98B673787CBAC5 /* Products */;
			projectDirPath = "";
			projectRoot = "";
			targets = (
				F3F11D17F47F3B483BD91253 /* Chipbar */,
				9965E447A1998558BBC7DB7D /* ChipbarTests */,
			);
		};
/* End PBXProject section */

/* Begin PBXSourcesBuildPhase section */
		B3BEF194AEBED78F4B9AB33B /* Sources */ = {
			isa = PBXSourcesBuildPhase;
			buildActionMask = 2147483647;
			files = (
				59B41424DAAC222DD83021BB /* CPUReader.swift in Sources */,
				D05176FEACBF93B0E5310392 /* GPUReader.swift in Sources */,
				C21D1B4A4257DADFC78C193A /* MetricsSampler.swift in Sources */,
				5C953BF20BC0AEE0360417FB /* Preferences.swift in Sources */,
				D83DCB6DD040114C79A60E89 /* RAMReader.swift in Sources */,
				9C80E821BE23CAC3EB5BA6F1 /* Snapshot.swift in Sources */,
				FE17ACD050B05DC37D160EFA /* StatusBarController.swift in Sources */,
				746A1752DFEB60F429599305 /* StatusBarView.swift in Sources */,
				968A26ED67C90D52589B8DD0 /* main.swift in Sources */,
			);
			runOnlyForDeploymentPostprocessing = 0;
		};
		C9CF8DA12283CECF4BC1C986 /* Sources */ = {
			isa = PBXSourcesBuildPhase;
			buildActionMask = 2147483647;
			files = (
				0BBA208A785FD2921184C49C /* CPUReaderTests.swift in Sources */,
				F443B263D4F3A88EF4D7F64A /* GPUReaderTests.swift in Sources */,
				9C604E4048F94A6342323FE6 /* MetricsSamplerTests.swift in Sources */,
				A93F356E090584B820D78E7B /* PreferencesTests.swift in Sources */,
				ABF1EF2838468D8BC1EA1307 /* RAMReaderTests.swift in Sources */,
				2192042E02B241F02558B13D /* SnapshotTests.swift in Sources */,
			);
			runOnlyForDeploymentPostprocessing = 0;
		};
/* End PBXSourcesBuildPhase section */

/* Begin PBXTargetDependency section */
		E61D31C88D46256058179456 /* PBXTargetDependency */ = {
			isa = PBXTargetDependency;
			target = F3F11D17F47F3B483BD91253 /* Chipbar */;
			targetProxy = B6DEE82BD10BDE8429BCDE69 /* PBXContainerItemProxy */;
		};
/* End PBXTargetDependency section */

/* Begin XCBuildConfiguration section */
		0AB1B2DE538206B8D98D0C27 /* Debug */ = {
			isa = XCBuildConfiguration;
			buildSettings = {
				ARCHS = arm64;
				ASSETCATALOG_COMPILER_APPICON_NAME = AppIcon;
				CODE_SIGNING_ALLOWED = YES;
				CODE_SIGNING_REQUIRED = NO;
				CODE_SIGN_IDENTITY = "-";
				CODE_SIGN_STYLE = Manual;
				COMBINE_HIDPI_IMAGES = YES;
				CURRENT_PROJECT_VERSION = 0;
				DEVELOPMENT_TEAM = "";
				"EXCLUDED_ARCHS[sdk=*]" = x86_64;
				GENERATE_INFOPLIST_FILE = NO;
				INFOPLIST_FILE = Sources/Chipbar/App/Info.plist;
				LD_RUNPATH_SEARCH_PATHS = "$(inherited) @executable_path/../Frameworks";
				MACOSX_DEPLOYMENT_TARGET = 14.0;
				MARKETING_VERSION = "0.0.0-dev";
				ONLY_ACTIVE_ARCH = YES;
				PRODUCT_BUNDLE_IDENTIFIER = com.ihororlovskyi.chipbar;
				SDKROOT = macosx;
				SWIFT_VERSION = 5.0;
			};
			name = Debug;
		};
		37EF8ED9392385449DC0313F /* Release */ = {
			isa = XCBuildConfiguration;
			buildSettings = {
				ARCHS = arm64;
				BUNDLE_LOADER = "$(TEST_HOST)";
				CODE_SIGNING_ALLOWED = YES;
				CODE_SIGNING_REQUIRED = NO;
				CODE_SIGN_IDENTITY = "-";
				COMBINE_HIDPI_IMAGES = YES;
				DEVELOPMENT_TEAM = "";
				"EXCLUDED_ARCHS[sdk=*]" = x86_64;
				GENERATE_INFOPLIST_FILE = YES;
				LD_RUNPATH_SEARCH_PATHS = (
					"$(inherited)",
					"@executable_path/../Frameworks",
					"@loader_path/../Frameworks",
				);
				MACOSX_DEPLOYMENT_TARGET = 14.0;
				PRODUCT_BUNDLE_IDENTIFIER = com.ihororlovskyi.ChipbarTests;
				SDKROOT = macosx;
				SWIFT_VERSION = 5.0;
				TEST_HOST = "$(BUILT_PRODUCTS_DIR)/Chipbar.app/Contents/MacOS/Chipbar";
			};
			name = Release;
		};
		7C4E40CF20B166FEE12A455E /* Debug */ = {
			isa = XCBuildConfiguration;
			buildSettings = {
				ALWAYS_SEARCH_USER_PATHS = NO;
				CLANG_ANALYZER_NONNULL = YES;
				CLANG_ANALYZER_NUMBER_OBJECT_CONVERSION = YES_AGGRESSIVE;
				CLANG_CXX_LANGUAGE_STANDARD = "gnu++14";
				CLANG_CXX_LIBRARY = "libc++";
				CLANG_ENABLE_MODULES = YES;
				CLANG_ENABLE_OBJC_ARC = YES;
				CLANG_ENABLE_OBJC_WEAK = YES;
				CLANG_WARN_BLOCK_CAPTURE_AUTORELEASING = YES;
				CLANG_WARN_BOOL_CONVERSION = YES;
				CLANG_WARN_COMMA = YES;
				CLANG_WARN_CONSTANT_CONVERSION = YES;
				CLANG_WARN_DEPRECATED_OBJC_IMPLEMENTATIONS = YES;
				CLANG_WARN_DIRECT_OBJC_ISA_USAGE = YES_ERROR;
				CLANG_WARN_DOCUMENTATION_COMMENTS = YES;
				CLANG_WARN_EMPTY_BODY = YES;
				CLANG_WARN_ENUM_CONVERSION = YES;
				CLANG_WARN_INFINITE_RECURSION = YES;
				CLANG_WARN_INT_CONVERSION = YES;
				CLANG_WARN_NON_LITERAL_NULL_CONVERSION = YES;
				CLANG_WARN_OBJC_IMPLICIT_RETAIN_SELF = YES;
				CLANG_WARN_OBJC_LITERAL_CONVERSION = YES;
				CLANG_WARN_OBJC_ROOT_CLASS = YES_ERROR;
				CLANG_WARN_QUOTED_INCLUDE_IN_FRAMEWORK_HEADER = YES;
				CLANG_WARN_RANGE_LOOP_ANALYSIS = YES;
				CLANG_WARN_STRICT_PROTOTYPES = YES;
				CLANG_WARN_SUSPICIOUS_MOVE = YES;
				CLANG_WARN_UNGUARDED_AVAILABILITY = YES_AGGRESSIVE;
				CLANG_WARN_UNREACHABLE_CODE = YES;
				CLANG_WARN__DUPLICATE_METHOD_MATCH = YES;
				COPY_PHASE_STRIP = NO;
				DEBUG_INFORMATION_FORMAT = dwarf;
				ENABLE_STRICT_OBJC_MSGSEND = YES;
				ENABLE_TESTABILITY = YES;
				GCC_C_LANGUAGE_STANDARD = gnu11;
				GCC_DYNAMIC_NO_PIC = NO;
				GCC_NO_COMMON_BLOCKS = YES;
				GCC_OPTIMIZATION_LEVEL = 0;
				GCC_PREPROCESSOR_DEFINITIONS = (
					"$(inherited)",
					"DEBUG=1",
				);
				GCC_WARN_64_TO_32_BIT_CONVERSION = YES;
				GCC_WARN_ABOUT_RETURN_TYPE = YES_ERROR;
				GCC_WARN_UNDECLARED_SELECTOR = YES;
				GCC_WARN_UNINITIALIZED_AUTOS = YES_AGGRESSIVE;
				GCC_WARN_UNUSED_FUNCTION = YES;
				GCC_WARN_UNUSED_VARIABLE = YES;
				MACOSX_DEPLOYMENT_TARGET = 14.0;
				MTL_ENABLE_DEBUG_INFO = INCLUDE_SOURCE;
				MTL_FAST_MATH = YES;
				ONLY_ACTIVE_ARCH = YES;
				PRODUCT_NAME = "$(TARGET_NAME)";
				SDKROOT = macosx;
				SWIFT_ACTIVE_COMPILATION_CONDITIONS = DEBUG;
				SWIFT_OPTIMIZATION_LEVEL = "-Onone";
				SWIFT_VERSION = 5.0;
			};
			name = Debug;
		};
		89690C606B397BF73310AA15 /* Release */ = {
			isa = XCBuildConfiguration;
			buildSettings = {
				ALWAYS_SEARCH_USER_PATHS = NO;
				CLANG_ANALYZER_NONNULL = YES;
				CLANG_ANALYZER_NUMBER_OBJECT_CONVERSION = YES_AGGRESSIVE;
				CLANG_CXX_LANGUAGE_STANDARD = "gnu++14";
				CLANG_CXX_LIBRARY = "libc++";
				CLANG_ENABLE_MODULES = YES;
				CLANG_ENABLE_OBJC_ARC = YES;
				CLANG_ENABLE_OBJC_WEAK = YES;
				CLANG_WARN_BLOCK_CAPTURE_AUTORELEASING = YES;
				CLANG_WARN_BOOL_CONVERSION = YES;
				CLANG_WARN_COMMA = YES;
				CLANG_WARN_CONSTANT_CONVERSION = YES;
				CLANG_WARN_DEPRECATED_OBJC_IMPLEMENTATIONS = YES;
				CLANG_WARN_DIRECT_OBJC_ISA_USAGE = YES_ERROR;
				CLANG_WARN_DOCUMENTATION_COMMENTS = YES;
				CLANG_WARN_EMPTY_BODY = YES;
				CLANG_WARN_ENUM_CONVERSION = YES;
				CLANG_WARN_INFINITE_RECURSION = YES;
				CLANG_WARN_INT_CONVERSION = YES;
				CLANG_WARN_NON_LITERAL_NULL_CONVERSION = YES;
				CLANG_WARN_OBJC_IMPLICIT_RETAIN_SELF = YES;
				CLANG_WARN_OBJC_LITERAL_CONVERSION = YES;
				CLANG_WARN_OBJC_ROOT_CLASS = YES_ERROR;
				CLANG_WARN_QUOTED_INCLUDE_IN_FRAMEWORK_HEADER = YES;
				CLANG_WARN_RANGE_LOOP_ANALYSIS = YES;
				CLANG_WARN_STRICT_PROTOTYPES = YES;
				CLANG_WARN_SUSPICIOUS_MOVE = YES;
				CLANG_WARN_UNGUARDED_AVAILABILITY = YES_AGGRESSIVE;
				CLANG_WARN_UNREACHABLE_CODE = YES;
				CLANG_WARN__DUPLICATE_METHOD_MATCH = YES;
				COPY_PHASE_STRIP = NO;
				DEBUG_INFORMATION_FORMAT = "dwarf-with-dsym";
				ENABLE_NS_ASSERTIONS = NO;
				ENABLE_STRICT_OBJC_MSGSEND = YES;
				GCC_C_LANGUAGE_STANDARD = gnu11;
				GCC_NO_COMMON_BLOCKS = YES;
				GCC_WARN_64_TO_32_BIT_CONVERSION = YES;
				GCC_WARN_ABOUT_RETURN_TYPE = YES_ERROR;
				GCC_WARN_UNDECLARED_SELECTOR = YES;
				GCC_WARN_UNINITIALIZED_AUTOS = YES_AGGRESSIVE;
				GCC_WARN_UNUSED_FUNCTION = YES;
				GCC_WARN_UNUSED_VARIABLE = YES;
				MACOSX_DEPLOYMENT_TARGET = 14.0;
				MTL_ENABLE_DEBUG_INFO = NO;
				MTL_FAST_MATH = YES;
				PRODUCT_NAME = "$(TARGET_NAME)";
				SDKROOT = macosx;
				SWIFT_COMPILATION_MODE = wholemodule;
				SWIFT_OPTIMIZATION_LEVEL = "-O";
				SWIFT_VERSION = 5.0;
			};
			name = Release;
		};
		D3767A815D8F81CE2A1137E7 /* Debug */ = {
			isa = XCBuildConfiguration;
			buildSettings = {
				ARCHS = arm64;
				BUNDLE_LOADER = "$(TEST_HOST)";
				CODE_SIGNING_ALLOWED = YES;
				CODE_SIGNING_REQUIRED = NO;
				CODE_SIGN_IDENTITY = "-";
				COMBINE_HIDPI_IMAGES = YES;
				DEVELOPMENT_TEAM = "";
				"EXCLUDED_ARCHS[sdk=*]" = x86_64;
				GENERATE_INFOPLIST_FILE = YES;
				LD_RUNPATH_SEARCH_PATHS = (
					"$(inherited)",
					"@executable_path/../Frameworks",
					"@loader_path/../Frameworks",
				);
				MACOSX_DEPLOYMENT_TARGET = 14.0;
				PRODUCT_BUNDLE_IDENTIFIER = com.ihororlovskyi.ChipbarTests;
				SDKROOT = macosx;
				SWIFT_VERSION = 5.0;
				TEST_HOST = "$(BUILT_PRODUCTS_DIR)/Chipbar.app/Contents/MacOS/Chipbar";
			};
			name = Debug;
		};
		F333A353987A092A2D313C5D /* Release */ = {
			isa = XCBuildConfiguration;
			buildSettings = {
				ARCHS = arm64;
				ASSETCATALOG_COMPILER_APPICON_NAME = AppIcon;
				CODE_SIGNING_ALLOWED = YES;
				CODE_SIGNING_REQUIRED = NO;
				CODE_SIGN_IDENTITY = "-";
				CODE_SIGN_STYLE = Manual;
				COMBINE_HIDPI_IMAGES = YES;
				CURRENT_PROJECT_VERSION = 0;
				DEVELOPMENT_TEAM = "";
				"EXCLUDED_ARCHS[sdk=*]" = x86_64;
				GENERATE_INFOPLIST_FILE = NO;
				INFOPLIST_FILE = Sources/Chipbar/App/Info.plist;
				LD_RUNPATH_SEARCH_PATHS = "$(inherited) @executable_path/../Frameworks";
				MACOSX_DEPLOYMENT_TARGET = 14.0;
				MARKETING_VERSION = "0.0.0-dev";
				ONLY_ACTIVE_ARCH = NO;
				PRODUCT_BUNDLE_IDENTIFIER = com.ihororlovskyi.chipbar;
				SDKROOT = macosx;
				SWIFT_VERSION = 5.0;
			};
			name = Release;
		};
/* End XCBuildConfiguration section */

/* Begin XCConfigurationList section */
		608E8B188F5779FB70850C63 /* Build configuration list for PBXNativeTarget "Chipbar" */ = {
			isa = XCConfigurationList;
			buildConfigurations = (
				0AB1B2DE538206B8D98D0C27 /* Debug */,
				F333A353987A092A2D313C5D /* Release */,
			);
			defaultConfigurationIsVisible = 0;
			defaultConfigurationName = Debug;
		};
		AD12DC54B85C28EFE532639E /* Build configuration list for PBXProject "Chipbar" */ = {
			isa = XCConfigurationList;
			buildConfigurations = (
				7C4E40CF20B166FEE12A455E /* Debug */,
				89690C606B397BF73310AA15 /* Release */,
			);
			defaultConfigurationIsVisible = 0;
			defaultConfigurationName = Debug;
		};
		F5B93022851508C26B7C4282 /* Build configuration list for PBXNativeTarget "ChipbarTests" */ = {
			isa = XCConfigurationList;
			buildConfigurations = (
				D3767A815D8F81CE2A1137E7 /* Debug */,
				37EF8ED9392385449DC0313F /* Release */,
			);
			defaultConfigurationIsVisible = 0;
			defaultConfigurationName = Debug;
		};
/* End XCConfigurationList section */
	};
	rootObject = E2749C2EDDD195B9233AD1BC /* Project object */;
}
