// !$*UTF8*$!
{
	archiveVersion = 1;
	classes = {
	};
	objectVersion = 77;
	objects = {

/* Begin PBXBuildFile section */
		084AAC6BAB422698EBB92EBD /* RAMReaderTests.swift in Sources */ = {isa = PBXBuildFile; fileRef = A49FE1337BE6C2CED0F09BED /* RAMReaderTests.swift */; };
		0C7227865E13F2BC56F9AA27 /* main.swift in Sources */ = {isa = PBXBuildFile; fileRef = 431468B43527997C3B085A73 /* main.swift */; };
		2D97830CA2C2CCD6957F0086 /* StatusBarViewSnapshotTests.swift in Sources */ = {isa = PBXBuildFile; fileRef = DD818B75F37D8BE5C8704EC4 /* StatusBarViewSnapshotTests.swift */; };
		30911CD71055AFD30E4C769A /* SnapshotHelpers.swift in Sources */ = {isa = PBXBuildFile; fileRef = A85843FE0EA9262D85DAF0CB /* SnapshotHelpers.swift */; };
		482A9290127E8364D7410B27 /* StatusBarController.swift in Sources */ = {isa = PBXBuildFile; fileRef = 4497F2C625DC592B22FD43A3 /* StatusBarController.swift */; };
		4B789483E77B8F69421215AE /* Preferences.swift in Sources */ = {isa = PBXBuildFile; fileRef = 30BBB9D01AC86C872E99A29E /* Preferences.swift */; };
		59B6E4EBC6005DCA641F9050 /* AppIcon.icns in Resources */ = {isa = PBXBuildFile; fileRef = 6E832450FD3B44D2E0FF5FE0 /* AppIcon.icns */; };
		731951B430DF7BD9A12B7B59 /* MetricsSampler.swift in Sources */ = {isa = PBXBuildFile; fileRef = E36631428294A635F6252860 /* MetricsSampler.swift */; };
		7A96F38248655B718A25916B /* GPUReaderTests.swift in Sources */ = {isa = PBXBuildFile; fileRef = 365D6F4CFE8B71451EDD665B /* GPUReaderTests.swift */; };
		8C595917B0B22CEAA0F3770E /* SnapshotTests.swift in Sources */ = {isa = PBXBuildFile; fileRef = 0EAA500E574ABB038943DFCF /* SnapshotTests.swift */; };
		9A9035B769F56648D5CF1920 /* StatusBarView.swift in Sources */ = {isa = PBXBuildFile; fileRef = 1DA12C8AD67251E36F1B7D7F /* StatusBarView.swift */; };
		9CF81996F6EB461A6A49538C /* RAMReader.swift in Sources */ = {isa = PBXBuildFile; fileRef = F5ABB1635A154C95D74926C4 /* RAMReader.swift */; };
		AC58247347A39DEF8D3DD5D2 /* PreferencesTests.swift in Sources */ = {isa = PBXBuildFile; fileRef = AA2FE01A56E529EA4BBE7251 /* PreferencesTests.swift */; };
		AFB13350B5F4401453A45F3D /* CPUReader.swift in Sources */ = {isa = PBXBuildFile; fileRef = D1D9EA9D6D25E724B264F3A9 /* CPUReader.swift */; };
		CE83AEE1877BAD83ED45C482 /* GPUReader.swift in Sources */ = {isa = PBXBuildFile; fileRef = 2F8498E5BD0E417338457711 /* GPUReader.swift */; };
		F566DDCB2F65DB43CFADA914 /* CPUReaderTests.swift in Sources */ = {isa = PBXBuildFile; fileRef = BB8D90305D4F3BE2135EA167 /* CPUReaderTests.swift */; };
		FAAD2358EBB2E59D8D3524D2 /* Snapshot.swift in Sources */ = {isa = PBXBuildFile; fileRef = 69D9F549AA116F62E438D8F5 /* Snapshot.swift */; };
		FD11942045EBFECB22F5106C /* MetricsSamplerTests.swift in Sources */ = {isa = PBXBuildFile; fileRef = ABEC0F4973762DD09B5D9BF4 /* MetricsSamplerTests.swift */; };
/* End PBXBuildFile section */

/* Begin PBXContainerItemProxy section */
		8BD1412F49B478D1D292CA6D /* PBXContainerItemProxy */ = {
			isa = PBXContainerItemProxy;
			containerPortal = 3D7F6DEEB50A8DD3A29409C5 /* Project object */;
			proxyType = 1;
			remoteGlobalIDString = ECA66603EF43A6F7329B6BE9;
			remoteInfo = mchip;
		};
/* End PBXContainerItemProxy section */

/* Begin PBXFileReference section */
		0EAA500E574ABB038943DFCF /* SnapshotTests.swift */ = {isa = PBXFileReference; lastKnownFileType = sourcecode.swift; path = SnapshotTests.swift; sourceTree = "<group>"; };
		1DA12C8AD67251E36F1B7D7F /* StatusBarView.swift */ = {isa = PBXFileReference; lastKnownFileType = sourcecode.swift; path = StatusBarView.swift; sourceTree = "<group>"; };
		2F8498E5BD0E417338457711 /* GPUReader.swift */ = {isa = PBXFileReference; lastKnownFileType = sourcecode.swift; path = GPUReader.swift; sourceTree = "<group>"; };
		30BBB9D01AC86C872E99A29E /* Preferences.swift */ = {isa = PBXFileReference; lastKnownFileType = sourcecode.swift; path = Preferences.swift; sourceTree = "<group>"; };
		365D6F4CFE8B71451EDD665B /* GPUReaderTests.swift */ = {isa = PBXFileReference; lastKnownFileType = sourcecode.swift; path = GPUReaderTests.swift; sourceTree = "<group>"; };
		431468B43527997C3B085A73 /* main.swift */ = {isa = PBXFileReference; lastKnownFileType = sourcecode.swift; path = main.swift; sourceTree = "<group>"; };
		4497F2C625DC592B22FD43A3 /* StatusBarController.swift */ = {isa = PBXFileReference; lastKnownFileType = sourcecode.swift; path = StatusBarController.swift; sourceTree = "<group>"; };
		69D9F549AA116F62E438D8F5 /* Snapshot.swift */ = {isa = PBXFileReference; lastKnownFileType = sourcecode.swift; path = Snapshot.swift; sourceTree = "<group>"; };
		6E832450FD3B44D2E0FF5FE0 /* AppIcon.icns */ = {isa = PBXFileReference; lastKnownFileType = image.icns; path = AppIcon.icns; sourceTree = "<group>"; };
		9D2AF9E3571B29085F5088AD /* Info.plist */ = {isa = PBXFileReference; lastKnownFileType = text.plist; path = Info.plist; sourceTree = "<group>"; };
		A49FE1337BE6C2CED0F09BED /* RAMReaderTests.swift */ = {isa = PBXFileReference; lastKnownFileType = sourcecode.swift; path = RAMReaderTests.swift; sourceTree = "<group>"; };
		A85843FE0EA9262D85DAF0CB /* SnapshotHelpers.swift */ = {isa = PBXFileReference; lastKnownFileType = sourcecode.swift; path = SnapshotHelpers.swift; sourceTree = "<group>"; };
		AA2FE01A56E529EA4BBE7251 /* PreferencesTests.swift */ = {isa = PBXFileReference; lastKnownFileType = sourcecode.swift; path = PreferencesTests.swift; sourceTree = "<group>"; };
		ABEC0F4973762DD09B5D9BF4 /* MetricsSamplerTests.swift */ = {isa = PBXFileReference; lastKnownFileType = sourcecode.swift; path = MetricsSamplerTests.swift; sourceTree = "<group>"; };
		BB8D90305D4F3BE2135EA167 /* CPUReaderTests.swift */ = {isa = PBXFileReference; lastKnownFileType = sourcecode.swift; path = CPUReaderTests.swift; sourceTree = "<group>"; };
		D1D9EA9D6D25E724B264F3A9 /* CPUReader.swift */ = {isa = PBXFileReference; lastKnownFileType = sourcecode.swift; path = CPUReader.swift; sourceTree = "<group>"; };
		DD818B75F37D8BE5C8704EC4 /* StatusBarViewSnapshotTests.swift */ = {isa = PBXFileReference; lastKnownFileType = sourcecode.swift; path = StatusBarViewSnapshotTests.swift; sourceTree = "<group>"; };
		DE0652EAA368D7E07980774A /* mchip.app */ = {isa = PBXFileReference; explicitFileType = wrapper.application; includeInIndex = 0; path = mchip.app; sourceTree = BUILT_PRODUCTS_DIR; };
		E36631428294A635F6252860 /* MetricsSampler.swift */ = {isa = PBXFileReference; lastKnownFileType = sourcecode.swift; path = MetricsSampler.swift; sourceTree = "<group>"; };
		E886DEA59A4E2EBFB8FEF04F /* mchipTests.xctest */ = {isa = PBXFileReference; explicitFileType = wrapper.cfbundle; includeInIndex = 0; path = mchipTests.xctest; sourceTree = BUILT_PRODUCTS_DIR; };
		F5ABB1635A154C95D74926C4 /* RAMReader.swift */ = {isa = PBXFileReference; lastKnownFileType = sourcecode.swift; path = RAMReader.swift; sourceTree = "<group>"; };
/* End PBXFileReference section */

/* Begin PBXGroup section */
		31383D82F0E5755EBD862B38 /* Metrics */ = {
			isa = PBXGroup;
			children = (
				D1D9EA9D6D25E724B264F3A9 /* CPUReader.swift */,
				2F8498E5BD0E417338457711 /* GPUReader.swift */,
				E36631428294A635F6252860 /* MetricsSampler.swift */,
				F5ABB1635A154C95D74926C4 /* RAMReader.swift */,
				69D9F549AA116F62E438D8F5 /* Snapshot.swift */,
			);
			path = Metrics;
			sourceTree = "<group>";
		};
		41C99133275A15093CDA136E /* Products */ = {
			isa = PBXGroup;
			children = (
				DE0652EAA368D7E07980774A /* mchip.app */,
				E886DEA59A4E2EBFB8FEF04F /* mchipTests.xctest */,
			);
			name = Products;
			sourceTree = "<group>";
		};
		57AEF87BC02DE69AA99AA517 /* mchipTests */ = {
			isa = PBXGroup;
			children = (
				BB8D90305D4F3BE2135EA167 /* CPUReaderTests.swift */,
				365D6F4CFE8B71451EDD665B /* GPUReaderTests.swift */,
				ABEC0F4973762DD09B5D9BF4 /* MetricsSamplerTests.swift */,
				AA2FE01A56E529EA4BBE7251 /* PreferencesTests.swift */,
				A49FE1337BE6C2CED0F09BED /* RAMReaderTests.swift */,
				A85843FE0EA9262D85DAF0CB /* SnapshotHelpers.swift */,
				0EAA500E574ABB038943DFCF /* SnapshotTests.swift */,
				DD818B75F37D8BE5C8704EC4 /* StatusBarViewSnapshotTests.swift */,
			);
			name = mchipTests;
			path = Tests/mchipTests;
			sourceTree = "<group>";
		};
		793FD913680F1750881676A1 /* App */ = {
			isa = PBXGroup;
			children = (
				9D2AF9E3571B29085F5088AD /* Info.plist */,
				431468B43527997C3B085A73 /* main.swift */,
			);
			path = App;
			sourceTree = "<group>";
		};
		802D470EA6EA644BEB68B64E /* UI */ = {
			isa = PBXGroup;
			children = (
				4497F2C625DC592B22FD43A3 /* StatusBarController.swift */,
				1DA12C8AD67251E36F1B7D7F /* StatusBarView.swift */,
			);
			path = UI;
			sourceTree = "<group>";
		};
		A2B349053F1C28017E183A49 /* Preferences */ = {
			isa = PBXGroup;
			children = (
				30BBB9D01AC86C872E99A29E /* Preferences.swift */,
			);
			path = Preferences;
			sourceTree = "<group>";
		};
		B27F894E9A2F6171E082AEBA = {
			isa = PBXGroup;
			children = (
				FF24C37E7FDFAA4773AC6C44 /* mchip */,
				57AEF87BC02DE69AA99AA517 /* mchipTests */,
				41C99133275A15093CDA136E /* Products */,
			);
			sourceTree = "<group>";
		};
		CFBFDB821A5D220CA1E1D6AD /* Resources */ = {
			isa = PBXGroup;
			children = (
				6E832450FD3B44D2E0FF5FE0 /* AppIcon.icns */,
			);
			path = Resources;
			sourceTree = "<group>";
		};
		FF24C37E7FDFAA4773AC6C44 /* mchip */ = {
			isa = PBXGroup;
			children = (
				793FD913680F1750881676A1 /* App */,
				31383D82F0E5755EBD862B38 /* Metrics */,
				A2B349053F1C28017E183A49 /* Preferences */,
				CFBFDB821A5D220CA1E1D6AD /* Resources */,
				802D470EA6EA644BEB68B64E /* UI */,
			);
			name = mchip;
			path = Sources/mchip;
			sourceTree = "<group>";
		};
/* End PBXGroup section */

/* Begin PBXNativeTarget section */
		8EA9EFDFEC696D3DDB3783C5 /* mchipTests */ = {
			isa = PBXNativeTarget;
			buildConfigurationList = 040B7266D2A84374F9E59524 /* Build configuration list for PBXNativeTarget "mchipTests" */;
			buildPhases = (
				39330F3C7A1502922E457D3D /* Sources */,
			);
			buildRules = (
			);
			dependencies = (
				37B2CBB88EA09314AB94081C /* PBXTargetDependency */,
			);
			name = mchipTests;
			packageProductDependencies = (
			);
			productName = mchipTests;
			productReference = E886DEA59A4E2EBFB8FEF04F /* mchipTests.xctest */;
			productType = "com.apple.product-type.bundle.unit-test";
		};
		ECA66603EF43A6F7329B6BE9 /* mchip */ = {
			isa = PBXNativeTarget;
			buildConfigurationList = D8279436B73E74FC041DE400 /* Build configuration list for PBXNativeTarget "mchip" */;
			buildPhases = (
				660597C21571F9018E7F911C /* Sources */,
				9ED214350FA48473FDB67ABC /* Resources */,
			);
			buildRules = (
			);
			dependencies = (
			);
			name = mchip;
			packageProductDependencies = (
			);
			productName = mchip;
			productReference = DE0652EAA368D7E07980774A /* mchip.app */;
			productType = "com.apple.product-type.application";
		};
/* End PBXNativeTarget section */

/* Begin PBXProject section */
		3D7F6DEEB50A8DD3A29409C5 /* Project object */ = {
			isa = PBXProject;
			attributes = {
				BuildIndependentTargetsInParallel = YES;
				LastUpgradeCheck = 1430;
				TargetAttributes = {
					8EA9EFDFEC696D3DDB3783C5 = {
						DevelopmentTeam = "";
					};
					ECA66603EF43A6F7329B6BE9 = {
						DevelopmentTeam = "";
						ProvisioningStyle = Manual;
					};
				};
			};
			buildConfigurationList = FA66654223628B02355EFE41 /* Build configuration list for PBXProject "mchip" */;
			developmentRegion = en;
			hasScannedForEncodings = 0;
			knownRegions = (
				Base,
				en,
			);
			mainGroup = B27F894E9A2F6171E082AEBA;
			minimizedProjectReferenceProxies = 1;
			preferredProjectObjectVersion = 77;
			productRefGroup = 41C99133275A15093CDA136E /* Products */;
			projectDirPath = "";
			projectRoot = "";
			targets = (
				ECA66603EF43A6F7329B6BE9 /* mchip */,
				8EA9EFDFEC696D3DDB3783C5 /* mchipTests */,
			);
		};
/* End PBXProject section */

/* Begin PBXResourcesBuildPhase section */
		9ED214350FA48473FDB67ABC /* Resources */ = {
			isa = PBXResourcesBuildPhase;
			buildActionMask = 2147483647;
			files = (
				59B6E4EBC6005DCA641F9050 /* AppIcon.icns in Resources */,
			);
			runOnlyForDeploymentPostprocessing = 0;
		};
/* End PBXResourcesBuildPhase section */

/* Begin PBXSourcesBuildPhase section */
		39330F3C7A1502922E457D3D /* Sources */ = {
			isa = PBXSourcesBuildPhase;
			buildActionMask = 2147483647;
			files = (
				F566DDCB2F65DB43CFADA914 /* CPUReaderTests.swift in Sources */,
				7A96F38248655B718A25916B /* GPUReaderTests.swift in Sources */,
				FD11942045EBFECB22F5106C /* MetricsSamplerTests.swift in Sources */,
				AC58247347A39DEF8D3DD5D2 /* PreferencesTests.swift in Sources */,
				084AAC6BAB422698EBB92EBD /* RAMReaderTests.swift in Sources */,
				30911CD71055AFD30E4C769A /* SnapshotHelpers.swift in Sources */,
				8C595917B0B22CEAA0F3770E /* SnapshotTests.swift in Sources */,
				2D97830CA2C2CCD6957F0086 /* StatusBarViewSnapshotTests.swift in Sources */,
			);
			runOnlyForDeploymentPostprocessing = 0;
		};
		660597C21571F9018E7F911C /* Sources */ = {
			isa = PBXSourcesBuildPhase;
			buildActionMask = 2147483647;
			files = (
				AFB13350B5F4401453A45F3D /* CPUReader.swift in Sources */,
				CE83AEE1877BAD83ED45C482 /* GPUReader.swift in Sources */,
				731951B430DF7BD9A12B7B59 /* MetricsSampler.swift in Sources */,
				4B789483E77B8F69421215AE /* Preferences.swift in Sources */,
				9CF81996F6EB461A6A49538C /* RAMReader.swift in Sources */,
				FAAD2358EBB2E59D8D3524D2 /* Snapshot.swift in Sources */,
				482A9290127E8364D7410B27 /* StatusBarController.swift in Sources */,
				9A9035B769F56648D5CF1920 /* StatusBarView.swift in Sources */,
				0C7227865E13F2BC56F9AA27 /* main.swift in Sources */,
			);
			runOnlyForDeploymentPostprocessing = 0;
		};
/* End PBXSourcesBuildPhase section */

/* Begin PBXTargetDependency section */
		37B2CBB88EA09314AB94081C /* PBXTargetDependency */ = {
			isa = PBXTargetDependency;
			target = ECA66603EF43A6F7329B6BE9 /* mchip */;
			targetProxy = 8BD1412F49B478D1D292CA6D /* PBXContainerItemProxy */;
		};
/* End PBXTargetDependency section */

/* Begin XCBuildConfiguration section */
		30895CDCC61D980701C71826 /* Debug */ = {
			isa = XCBuildConfiguration;
			buildSettings = {
				ARCHS = arm64;
				BUNDLE_LOADER = "$(TEST_HOST)";
				CODE_SIGNING_ALLOWED = YES;
				CODE_SIGNING_REQUIRED = NO;
				CODE_SIGN_IDENTITY = "-";
				COMBINE_HIDPI_IMAGES = YES;
				DEVELOPMENT_TEAM = "";
				"EXCLUDED_ARCHS[sdk=*]" = x86_64;
				GENERATE_INFOPLIST_FILE = YES;
				LD_RUNPATH_SEARCH_PATHS = (
					"$(inherited)",
					"@executable_path/../Frameworks",
					"@loader_path/../Frameworks",
				);
				MACOSX_DEPLOYMENT_TARGET = 14.0;
				PRODUCT_BUNDLE_IDENTIFIER = com.ihororlovskyi.mchipTests;
				SDKROOT = macosx;
				SWIFT_VERSION = 5.0;
				TEST_HOST = "$(BUILT_PRODUCTS_DIR)/mchip.app/Contents/MacOS/mchip";
			};
			name = Debug;
		};
		329D7975AAFBD19157A63853 /* Debug */ = {
			isa = XCBuildConfiguration;
			buildSettings = {
				ARCHS = arm64;
				ASSETCATALOG_COMPILER_APPICON_NAME = AppIcon;
				CODE_SIGNING_ALLOWED = YES;
				CODE_SIGNING_REQUIRED = NO;
				CODE_SIGN_IDENTITY = "-";
				CODE_SIGN_STYLE = Manual;
				COMBINE_HIDPI_IMAGES = YES;
				CURRENT_PROJECT_VERSION = 0.1.2;
				DEVELOPMENT_TEAM = "";
				"EXCLUDED_ARCHS[sdk=*]" = x86_64;
				GENERATE_INFOPLIST_FILE = NO;
				INFOPLIST_FILE = Sources/mchip/App/Info.plist;
				LD_RUNPATH_SEARCH_PATHS = "$(inherited) @executable_path/../Frameworks";
				MACOSX_DEPLOYMENT_TARGET = 14.0;
				MARKETING_VERSION = 0.1.2;
				ONLY_ACTIVE_ARCH = YES;
				PRODUCT_BUNDLE_IDENTIFIER = com.ihororlovskyi.chipbar;
				SDKROOT = macosx;
				SWIFT_VERSION = 5.0;
			};
			name = Debug;
		};
		4BFF98D875501F6770C4B7B9 /* Release */ = {
			isa = XCBuildConfiguration;
			buildSettings = {
				ALWAYS_SEARCH_USER_PATHS = NO;
				CLANG_ANALYZER_NONNULL = YES;
				CLANG_ANALYZER_NUMBER_OBJECT_CONVERSION = YES_AGGRESSIVE;
				CLANG_CXX_LANGUAGE_STANDARD = "gnu++14";
				CLANG_CXX_LIBRARY = "libc++";
				CLANG_ENABLE_MODULES = YES;
				CLANG_ENABLE_OBJC_ARC = YES;
				CLANG_ENABLE_OBJC_WEAK = YES;
				CLANG_WARN_BLOCK_CAPTURE_AUTORELEASING = YES;
				CLANG_WARN_BOOL_CONVERSION = YES;
				CLANG_WARN_COMMA = YES;
				CLANG_WARN_CONSTANT_CONVERSION = YES;
				CLANG_WARN_DEPRECATED_OBJC_IMPLEMENTATIONS = YES;
				CLANG_WARN_DIRECT_OBJC_ISA_USAGE = YES_ERROR;
				CLANG_WARN_DOCUMENTATION_COMMENTS = YES;
				CLANG_WARN_EMPTY_BODY = YES;
				CLANG_WARN_ENUM_CONVERSION = YES;
				CLANG_WARN_INFINITE_RECURSION = YES;
				CLANG_WARN_INT_CONVERSION = YES;
				CLANG_WARN_NON_LITERAL_NULL_CONVERSION = YES;
				CLANG_WARN_OBJC_IMPLICIT_RETAIN_SELF = YES;
				CLANG_WARN_OBJC_LITERAL_CONVERSION = YES;
				CLANG_WARN_OBJC_ROOT_CLASS = YES_ERROR;
				CLANG_WARN_QUOTED_INCLUDE_IN_FRAMEWORK_HEADER = YES;
				CLANG_WARN_RANGE_LOOP_ANALYSIS = YES;
				CLANG_WARN_STRICT_PROTOTYPES = YES;
				CLANG_WARN_SUSPICIOUS_MOVE = YES;
				CLANG_WARN_UNGUARDED_AVAILABILITY = YES_AGGRESSIVE;
				CLANG_WARN_UNREACHABLE_CODE = YES;
				CLANG_WARN__DUPLICATE_METHOD_MATCH = YES;
				COPY_PHASE_STRIP = NO;
				DEBUG_INFORMATION_FORMAT = "dwarf-with-dsym";
				ENABLE_NS_ASSERTIONS = NO;
				ENABLE_STRICT_OBJC_MSGSEND = YES;
				GCC_C_LANGUAGE_STANDARD = gnu11;
				GCC_NO_COMMON_BLOCKS = YES;
				GCC_WARN_64_TO_32_BIT_CONVERSION = YES;
				GCC_WARN_ABOUT_RETURN_TYPE = YES_ERROR;
				GCC_WARN_UNDECLARED_SELECTOR = YES;
				GCC_WARN_UNINITIALIZED_AUTOS = YES_AGGRESSIVE;
				GCC_WARN_UNUSED_FUNCTION = YES;
				GCC_WARN_UNUSED_VARIABLE = YES;
				MACOSX_DEPLOYMENT_TARGET = 14.0;
				MTL_ENABLE_DEBUG_INFO = NO;
				MTL_FAST_MATH = YES;
				PRODUCT_NAME = "$(TARGET_NAME)";
				SDKROOT = macosx;
				SWIFT_COMPILATION_MODE = wholemodule;
				SWIFT_OPTIMIZATION_LEVEL = "-O";
				SWIFT_VERSION = 5.0;
			};
			name = Release;
		};
		C13B034BCF83168EDC08B307 /* Debug */ = {
			isa = XCBuildConfiguration;
			buildSettings = {
				ALWAYS_SEARCH_USER_PATHS = NO;
				CLANG_ANALYZER_NONNULL = YES;
				CLANG_ANALYZER_NUMBER_OBJECT_CONVERSION = YES_AGGRESSIVE;
				CLANG_CXX_LANGUAGE_STANDARD = "gnu++14";
				CLANG_CXX_LIBRARY = "libc++";
				CLANG_ENABLE_MODULES = YES;
				CLANG_ENABLE_OBJC_ARC = YES;
				CLANG_ENABLE_OBJC_WEAK = YES;
				CLANG_WARN_BLOCK_CAPTURE_AUTORELEASING = YES;
				CLANG_WARN_BOOL_CONVERSION = YES;
				CLANG_WARN_COMMA = YES;
				CLANG_WARN_CONSTANT_CONVERSION = YES;
				CLANG_WARN_DEPRECATED_OBJC_IMPLEMENTATIONS = YES;
				CLANG_WARN_DIRECT_OBJC_ISA_USAGE = YES_ERROR;
				CLANG_WARN_DOCUMENTATION_COMMENTS = YES;
				CLANG_WARN_EMPTY_BODY = YES;
				CLANG_WARN_ENUM_CONVERSION = YES;
				CLANG_WARN_INFINITE_RECURSION = YES;
				CLANG_WARN_INT_CONVERSION = YES;
				CLANG_WARN_NON_LITERAL_NULL_CONVERSION = YES;
				CLANG_WARN_OBJC_IMPLICIT_RETAIN_SELF = YES;
				CLANG_WARN_OBJC_LITERAL_CONVERSION = YES;
				CLANG_WARN_OBJC_ROOT_CLASS = YES_ERROR;
				CLANG_WARN_QUOTED_INCLUDE_IN_FRAMEWORK_HEADER = YES;
				CLANG_WARN_RANGE_LOOP_ANALYSIS = YES;
				CLANG_WARN_STRICT_PROTOTYPES = YES;
				CLANG_WARN_SUSPICIOUS_MOVE = YES;
				CLANG_WARN_UNGUARDED_AVAILABILITY = YES_AGGRESSIVE;
				CLANG_WARN_UNREACHABLE_CODE = YES;
				CLANG_WARN__DUPLICATE_METHOD_MATCH = YES;
				COPY_PHASE_STRIP = NO;
				DEBUG_INFORMATION_FORMAT = dwarf;
				ENABLE_STRICT_OBJC_MSGSEND = YES;
				ENABLE_TESTABILITY = YES;
				GCC_C_LANGUAGE_STANDARD = gnu11;
				GCC_DYNAMIC_NO_PIC = NO;
				GCC_NO_COMMON_BLOCKS = YES;
				GCC_OPTIMIZATION_LEVEL = 0;
				GCC_PREPROCESSOR_DEFINITIONS = (
					"$(inherited)",
					"DEBUG=1",
				);
				GCC_WARN_64_TO_32_BIT_CONVERSION = YES;
				GCC_WARN_ABOUT_RETURN_TYPE = YES_ERROR;
				GCC_WARN_UNDECLARED_SELECTOR = YES;
				GCC_WARN_UNINITIALIZED_AUTOS = YES_AGGRESSIVE;
				GCC_WARN_UNUSED_FUNCTION = YES;
				GCC_WARN_UNUSED_VARIABLE = YES;
				MACOSX_DEPLOYMENT_TARGET = 14.0;
				MTL_ENABLE_DEBUG_INFO = INCLUDE_SOURCE;
				MTL_FAST_MATH = YES;
				ONLY_ACTIVE_ARCH = YES;
				PRODUCT_NAME = "$(TARGET_NAME)";
				SDKROOT = macosx;
				SWIFT_ACTIVE_COMPILATION_CONDITIONS = DEBUG;
				SWIFT_OPTIMIZATION_LEVEL = "-Onone";
				SWIFT_VERSION = 5.0;
			};
			name = Debug;
		};
		C95EA3D1D138E4E84F5DCDF7 /* Release */ = {
			isa = XCBuildConfiguration;
			buildSettings = {
				ARCHS = arm64;
				ASSETCATALOG_COMPILER_APPICON_NAME = AppIcon;
				CODE_SIGNING_ALLOWED = YES;
				CODE_SIGNING_REQUIRED = NO;
				CODE_SIGN_IDENTITY = "-";
				CODE_SIGN_STYLE = Manual;
				COMBINE_HIDPI_IMAGES = YES;
				CURRENT_PROJECT_VERSION = 0.1.2;
				DEVELOPMENT_TEAM = "";
				"EXCLUDED_ARCHS[sdk=*]" = x86_64;
				GENERATE_INFOPLIST_FILE = NO;
				INFOPLIST_FILE = Sources/mchip/App/Info.plist;
				LD_RUNPATH_SEARCH_PATHS = "$(inherited) @executable_path/../Frameworks";
				MACOSX_DEPLOYMENT_TARGET = 14.0;
				MARKETING_VERSION = 0.1.2;
				ONLY_ACTIVE_ARCH = NO;
				PRODUCT_BUNDLE_IDENTIFIER = com.ihororlovskyi.chipbar;
				SDKROOT = macosx;
				SWIFT_VERSION = 5.0;
			};
			name = Release;
		};
		E43ACA0F09D896C3519E9EF0 /* Release */ = {
			isa = XCBuildConfiguration;
			buildSettings = {
				ARCHS = arm64;
				BUNDLE_LOADER = "$(TEST_HOST)";
				CODE_SIGNING_ALLOWED = YES;
				CODE_SIGNING_REQUIRED = NO;
				CODE_SIGN_IDENTITY = "-";
				COMBINE_HIDPI_IMAGES = YES;
				DEVELOPMENT_TEAM = "";
				"EXCLUDED_ARCHS[sdk=*]" = x86_64;
				GENERATE_INFOPLIST_FILE = YES;
				LD_RUNPATH_SEARCH_PATHS = (
					"$(inherited)",
					"@executable_path/../Frameworks",
					"@loader_path/../Frameworks",
				);
				MACOSX_DEPLOYMENT_TARGET = 14.0;
				PRODUCT_BUNDLE_IDENTIFIER = com.ihororlovskyi.mchipTests;
				SDKROOT = macosx;
				SWIFT_VERSION = 5.0;
				TEST_HOST = "$(BUILT_PRODUCTS_DIR)/mchip.app/Contents/MacOS/mchip";
			};
			name = Release;
		};
/* End XCBuildConfiguration section */

/* Begin XCConfigurationList section */
		040B7266D2A84374F9E59524 /* Build configuration list for PBXNativeTarget "mchipTests" */ = {
			isa = XCConfigurationList;
			buildConfigurations = (
				30895CDCC61D980701C71826 /* Debug */,
				E43ACA0F09D896C3519E9EF0 /* Release */,
			);
			defaultConfigurationIsVisible = 0;
			defaultConfigurationName = Debug;
		};
		D8279436B73E74FC041DE400 /* Build configuration list for PBXNativeTarget "mchip" */ = {
			isa = XCConfigurationList;
			buildConfigurations = (
				329D7975AAFBD19157A63853 /* Debug */,
				C95EA3D1D138E4E84F5DCDF7 /* Release */,
			);
			defaultConfigurationIsVisible = 0;
			defaultConfigurationName = Debug;
		};
		FA66654223628B02355EFE41 /* Build configuration list for PBXProject "mchip" */ = {
			isa = XCConfigurationList;
			buildConfigurations = (
				C13B034BCF83168EDC08B307 /* Debug */,
				4BFF98D875501F6770C4B7B9 /* Release */,
			);
			defaultConfigurationIsVisible = 0;
			defaultConfigurationName = Debug;
		};
/* End XCConfigurationList section */
	};
	rootObject = 3D7F6DEEB50A8DD3A29409C5 /* Project object */;
}
